{
  "nodes": {
    "crane": {
      "locked": {
        "lastModified": 1785520756,
        "narHash": "sha256-eGUJ3OJ+P4R6x9bN2xx/VTwhrhBt3U0CKtcY/B5xp50=",
        "owner": "ipetkov",
        "repo": "crane",
        "rev": "fe4c37e1c9e4d5135a89c7f6a734da02e778c34b",
        "type": "github"
      },
      "original": {
        "owner": "ipetkov",
        "repo": "crane",
        "type": "github"
      }
    },
    "nixpkgs": {
      "locked": {
        "lastModified": 1785386831,
        "narHash": "sha256-sPS3CaXH8RAT3FZRuy4VcV47iuYIWMMfa0GbyJKC3o4=",
        "owner": "nixos",
        "repo": "nixpkgs",
        "rev": "21ea275a7c46aef9d4d6ddc962e6d562e9d94183",
        "type": "github"
      },
      "original": {
        "owner": "nixos",
        "ref": "nixos-26.05",
        "repo": "nixpkgs",
        "type": "github"
      }
    },
    "root": {
      "inputs": {
        "crane": "crane",
        "nixpkgs": "nixpkgs"
      }
    }
  },
  "root": "root",
  "version": 7
}
